// !$*UTF8*$!
{
	archiveVersion = 1;
	classes = {
	};
	objectVersion = 50;
	objects = {

/* Begin PBXBuildFile section */
		9C4C6F3B24E125DB00A95634 /* AppDelegate.swift in Sources */ = {isa = PBXBuildFile; fileRef = 9C4C6F3A24E125DB00A95634 /* AppDelegate.swift */; };
		9C4C6F3D24E125DB00A95634 /* SceneDelegate.swift in Sources */ = {isa = PBXBuildFile; fileRef = 9C4C6F3C24E125DB00A95634 /* SceneDelegate.swift */; };
		9C4C6F3F24E125DB00A95634 /* ViewController.swift in Sources */ = {isa = PBXBuildFile; fileRef = 9C4C6F3E24E125DB00A95634 /* ViewController.swift */; };
		9C4C6F4224E125DB00A95634 /* Main.storyboard in Resources */ = {isa = PBXBuildFile; fileRef = 9C4C6F4024E125DB00A95634 /* Main.storyboard */; };
		9C4C6F4424E125DC00A95634 /* Assets.xcassets in Resources */ = {isa = PBXBuildFile; fileRef = 9C4C6F4324E125DC00A95634 /* Assets.xcassets */; };
		9C4C6F4724E125DC00A95634 /* LaunchScreen.storyboard in Resources */ = {isa = PBXBuildFile; fileRef = 9C4C6F4524E125DC00A95634 /* LaunchScreen.storyboard */; };
/* End PBXBuildFile section */

/* Begin PBXFileReference section */
		9C4C6F3724E125DB00A95634 /* PracticalTestAmitDhadse.app */ = {isa = PBXFileReference; explicitFileType = wrapper.application; includeInIndex = 0; path = PracticalTestAmitDhadse.app; sourceTree = BUILT_PRODUCTS_DIR; };
		9C4C6F3A24E125DB00A95634 /* AppDelegate.swift */ = {isa = PBXFileReference; lastKnownFileType = sourcecode.swift; path = AppDelegate.swift; sourceTree = "<group>"; };
		9C4C6F3C24E125DB00A95634 /* SceneDelegate.swift */ = {isa = PBXFileReference; lastKnownFileType = sourcecode.swift; path = SceneDelegate.swift; sourceTree = "<group>"; };
		9C4C6F3E24E125DB00A95634 /* ViewController.swift */ = {isa = PBXFileReference; lastKnownFileType = sourcecode.swift; path = ViewController.swift; sourceTree = "<group>"; };
		9C4C6F4124E125DB00A95634 /* Base */ = {isa = PBXFileReference; lastKnownFileType = file.storyboard; name = Base; path = Base.lproj/Main.storyboard; sourceTree = "<group>"; };
		9C4C6F4324E125DC00A95634 /* Assets.xcassets */ = {isa = PBXFileReference; lastKnownFileType = folder.assetcatalog; path = Assets.xcassets; sourceTree = "<group>"; };
		9C4C6F4624E125DC00A95634 /* Base */ = {isa = PBXFileReference; lastKnownFileType = file.storyboard; name = Base; path = Base.lproj/LaunchScreen.storyboard; sourceTree = "<group>"; };
		9C4C6F4824E125DC00A95634 /* Info.plist */ = {isa = PBXFileReference; lastKnownFileType = text.plist.xml; path = Info.plist; sourceTree = "<group>"; };
/* End PBXFileReference section */

/* Begin PBXFrameworksBuildPhase section */
		9C4C6F3424E125DB00A95634 /* Frameworks */ = {
			isa = PBXFrameworksBuildPhase;
			buildActionMask = 2147483647;
			files = (
			);
			runOnlyForDeploymentPostprocessing = 0;
		};
/* End PBXFrameworksBuildPhase section */

/* Begin PBXGroup section */
		9C4C6F2E24E125DB00A95634 = {
			isa = PBXGroup;
			children = (
				9C4C6F3924E125DB00A95634 /* PracticalTestAmitDhadse */,
				9C4C6F3824E125DB00A95634 /* Products */,
			);
			sourceTree = "<group>";
		};
		9C4C6F3824E125DB00A95634 /* Products */ = {
			isa = PBXGroup;
			children = (
				9C4C6F3724E125DB00A95634 /* PracticalTestAmitDhadse.app */,
			);
			name = Products;
			sourceTree = "<group>";
		};
		9C4C6F3924E125DB00A95634 /* PracticalTestAmitDhadse */ = {
			isa = PBXGroup;
			children = (
				9C4C6F3A24E125DB00A95634 /* AppDelegate.swift */,
				9C4C6F3C24E125DB00A95634 /* SceneDelegate.swift */,
				9C4C6F3E24E125DB00A95634 /* ViewController.swift */,
				9C4C6F4024E125DB00A95634 /* Main.storyboard */,
				9C4C6F4324E125DC00A95634 /* Assets.xcassets */,
				9C4C6F4524E125DC00A95634 /* LaunchScreen.storyboard */,
				9C4C6F4824E125DC00A95634 /* Info.plist */,
			);
			path = PracticalTestAmitDhadse;
			sourceTree = "<group>";
		};
/* End PBXGroup section */

/* Begin PBXNativeTarget section */
		9C4C6F3624E125DB00A95634 /* PracticalTestAmitDhadse */ = {
			isa = PBXNativeTarget;
			buildConfigurationList = 9C4C6F4B24E125DC00A95634 /* Build configuration list for PBXNativeTarget "PracticalTestAmitDhadse" */;
			buildPhases = (
				9C4C6F3324E125DB00A95634 /* Sources */,
				9C4C6F3424E125DB00A95634 /* Frameworks */,
				9C4C6F3524E125DB00A95634 /* Resources */,
			);
			buildRules = (
			);
			dependencies = (
			);
			name = PracticalTestAmitDhadse;
			productName = PracticalTestAmitDhadse;
			productReference = 9C4C6F3724E125DB00A95634 /* PracticalTestAmitDhadse.app */;
			productType = "com.apple.product-type.application";
		};
/* End PBXNativeTarget section */

/* Begin PBXProject section */
		9C4C6F2F24E125DB00A95634 /* Project object */ = {
			isa = PBXProject;
			attributes = {
				LastSwiftUpdateCheck = 1130;
				LastUpgradeCheck = 1130;
				ORGANIZATIONNAME = "Amit Dhadse";
				TargetAttributes = {
					9C4C6F3624E125DB00A95634 = {
						CreatedOnToolsVersion = 11.3;
					};
				};
			};
			buildConfigurationList = 9C4C6F3224E125DB00A95634 /* Build configuration list for PBXProject "PracticalTestAmitDhadse" */;
			compatibilityVersion = "Xcode 9.3";
			developmentRegion = en;
			hasScannedForEncodings = 0;
			knownRegions = (
				en,
				Base,
			);
			mainGroup = 9C4C6F2E24E125DB00A95634;
			productRefGroup = 9C4C6F3824E125DB00A95634 /* Products */;
			projectDirPath = "";
			projectRoot = "";
			targets = (
				9C4C6F3624E125DB00A95634 /* PracticalTestAmitDhadse */,
			);
		};
/* End PBXProject section */

/* Begin PBXResourcesBuildPhase section */
		9C4C6F3524E125DB00A95634 /* Resources */ = {
			isa = PBXResourcesBuildPhase;
			buildActionMask = 2147483647;
			files = (
				9C4C6F4724E125DC00A95634 /* LaunchScreen.storyboard in Resources */,
				9C4C6F4424E125DC00A95634 /* Assets.xcassets in Resources */,
				9C4C6F4224E125DB00A95634 /* Main.storyboard in Resources */,
			);
			runOnlyForDeploymentPostprocessing = 0;
		};
/* End PBXResourcesBuildPhase section */

/* Begin PBXSourcesBuildPhase section */
		9C4C6F3324E125DB00A95634 /* Sources */ = {
			isa = PBXSourcesBuildPhase;
			buildActionMask = 2147483647;
			files = (
				9C4C6F3F24E125DB00A95634 /* ViewController.swift in Sources */,
				9C4C6F3B24E125DB00A95634 /* AppDelegate.swift in Sources */,
				9C4C6F3D24E125DB00A95634 /* SceneDelegate.swift in Sources */,
			);
			runOnlyForDeploymentPostprocessing = 0;
		};
/* End PBXSourcesBuildPhase section */

/* Begin PBXVariantGroup section */
		9C4C6F4024E125DB00A95634 /* Main.storyboard */ = {
			isa = PBXVariantGroup;
			children = (
				9C4C6F4124E125DB00A95634 /* Base */,
			);
			name = Main.storyboard;
			sourceTree = "<group>";
		};
		9C4C6F4524E125DC00A95634 /* LaunchScreen.storyboard */ = {
			isa = PBXVariantGroup;
			children = (
				9C4C6F4624E125DC00A95634 /* Base */,
			);
			name = LaunchScreen.storyboard;
			sourceTree = "<group>";
		};
/* End PBXVariantGroup section */

/* Begin XCBuildConfiguration section */
		9C4C6F4924E125DC00A95634 /* Debug */ = {
			isa = XCBuildConfiguration;
			buildSettings = {
				ALWAYS_SEARCH_USER_PATHS = NO;
				CLANG_ANALYZER_NONNULL = YES;
				CLANG_ANALYZER_NUMBER_OBJECT_CONVERSION = YES_AGGRESSIVE;
				CLANG_CXX_LANGUAGE_STANDARD = "gnu++14";
				CLANG_CXX_LIBRARY = "libc++";
				CLANG_ENABLE_MODULES = YES;
				CLANG_ENABLE_OBJC_ARC = YES;
				CLANG_ENABLE_OBJC_WEAK = YES;
				CLANG_WARN_BLOCK_CAPTURE_AUTORELEASING = YES;
				CLANG_WARN_BOOL_CONVERSION = YES;
				CLANG_WARN_COMMA = YES;
				CLANG_WARN_CONSTANT_CONVERSION = YES;
				CLANG_WARN_DEPRECATED_OBJC_IMPLEMENTATIONS = YES;
				CLANG_WARN_DIRECT_OBJC_ISA_USAGE = YES_ERROR;
				CLANG_WARN_DOCUMENTATION_COMMENTS = YES;
				CLANG_WARN_EMPTY_BODY = YES;
				CLANG_WARN_ENUM_CONVERSION = YES;
				CLANG_WARN_INFINITE_RECURSION = YES;
				CLANG_WARN_INT_CONVERSION = YES;
				CLANG_WARN_NON_LITERAL_NULL_CONVERSION = YES;
				CLANG_WARN_OBJC_IMPLICIT_RETAIN_SELF = YES;
				CLANG_WARN_OBJC_LITERAL_CONVERSION = YES;
				CLANG_WARN_OBJC_ROOT_CLASS = YES_ERROR;
				CLANG_WARN_RANGE_LOOP_ANALYSIS = YES;
				CLANG_WARN_STRICT_PROTOTYPES = YES;
				CLANG_WARN_SUSPICIOUS_MOVE = YES;
				CLANG_WARN_UNGUARDED_AVAILABILITY = YES_AGGRESSIVE;
				CLANG_WARN_UNREACHABLE_CODE = YES;
				CLANG_WARN__DUPLICATE_METHOD_MATCH = YES;
				COPY_PHASE_STRIP = NO;
				DEBUG_INFORMATION_FORMAT = dwarf;
				ENABLE_STRICT_OBJC_MSGSEND = YES;
				ENABLE_TESTABILITY = YES;
				GCC_C_LANGUAGE_STANDARD = gnu11;
				GCC_DYNAMIC_NO_PIC = NO;
				GCC_NO_COMMON_BLOCKS = YES;
				GCC_OPTIMIZATION_LEVEL = 0;
				GCC_PREPROCESSOR_DEFINITIONS = (
					"DEBUG=1",
					"$(inherited)",
				);
				GCC_WARN_64_TO_32_BIT_CONVERSION = YES;
				GCC_WARN_ABOUT_RETURN_TYPE = YES_ERROR;
				GCC_WARN_UNDECLARED_SELECTOR = YES;
				GCC_WARN_UNINITIALIZED_AUTOS = YES_AGGRESSIVE;
				GCC_WARN_UNUSED_FUNCTION = YES;
				GCC_WARN_UNUSED_VARIABLE = YES;
				IPHONEOS_DEPLOYMENT_TARGET = 13.2;
				MTL_ENABLE_DEBUG_INFO = INCLUDE_SOURCE;
				MTL_FAST_MATH = YES;
				ONLY_ACTIVE_ARCH = YES;
				SDKROOT = iphoneos;
				SWIFT_ACTIVE_COMPILATION_CONDITIONS = DEBUG;
				SWIFT_OPTIMIZATION_LEVEL = "-Onone";
			};
			name = Debug;
		};
		9C4C6F4A24E125DC00A95634 /* Release */ = {
			isa = XCBuildConfiguration;
			buildSettings = {
				ALWAYS_SEARCH_USER_PATHS = NO;
				CLANG_ANALYZER_NONNULL = YES;
				CLANG_ANALYZER_NUMBER_OBJECT_CONVERSION = YES_AGGRESSIVE;
				CLANG_CXX_LANGUAGE_STANDARD = "gnu++14";
				CLANG_CXX_LIBRARY = "libc++";
				CLANG_ENABLE_MODULES = YES;
				CLANG_ENABLE_OBJC_ARC = YES;
				CLANG_ENABLE_OBJC_WEAK = YES;
				CLANG_WARN_BLOCK_CAPTURE_AUTORELEASING = YES;
				CLANG_WARN_BOOL_CONVERSION = YES;
				CLANG_WARN_COMMA = YES;
				CLANG_WARN_CONSTANT_CONVERSION = YES;
				CLANG_WARN_DEPRECATED_OBJC_IMPLEMENTATIONS = YES;
				CLANG_WARN_DIRECT_OBJC_ISA_USAGE = YES_ERROR;
				CLANG_WARN_DOCUMENTATION_COMMENTS = YES;
				CLANG_WARN_EMPTY_BODY = YES;
				CLANG_WARN_ENUM_CONVERSION = YES;
				CLANG_WARN_INFINITE_RECURSION = YES;
				CLANG_WARN_INT_CONVERSION = YES;
				CLANG_WARN_NON_LITERAL_NULL_CONVERSION = YES;
				CLANG_WARN_OBJC_IMPLICIT_RETAIN_SELF = YES;
				CLANG_WARN_OBJC_LITERAL_CONVERSION = YES;
				CLANG_WARN_OBJC_ROOT_CLASS = YES_ERROR;
				CLANG_WARN_RANGE_LOOP_ANALYSIS = YES;
				CLANG_WARN_STRICT_PROTOTYPES = YES;
				CLANG_WARN_SUSPICIOUS_MOVE = YES;
				CLANG_WARN_UNGUARDED_AVAILABILITY = YES_AGGRESSIVE;
				CLANG_WARN_UNREACHABLE_CODE = YES;
				CLANG_WARN__DUPLICATE_METHOD_MATCH = YES;
				COPY_PHASE_STRIP = NO;
				DEBUG_INFORMATION_FORMAT = "dwarf-with-dsym";
				ENABLE_NS_ASSERTIONS = NO;
				ENABLE_STRICT_OBJC_MSGSEND = YES;
				GCC_C_LANGUAGE_STANDARD = gnu11;
				GCC_NO_COMMON_BLOCKS = YES;
				GCC_WARN_64_TO_32_BIT_CONVERSION = YES;
				GCC_WARN_ABOUT_RETURN_TYPE = YES_ERROR;
				GCC_WARN_UNDECLARED_SELECTOR = YES;
				GCC_WARN_UNINITIALIZED_AUTOS = YES_AGGRESSIVE;
				GCC_WARN_UNUSED_FUNCTION = YES;
				GCC_WARN_UNUSED_VARIABLE = YES;
				IPHONEOS_DEPLOYMENT_TARGET = 13.2;
				MTL_ENABLE_DEBUG_INFO = NO;
				MTL_FAST_MATH = YES;
				SDKROOT = iphoneos;
				SWIFT_COMPILATION_MODE = wholemodule;
				SWIFT_OPTIMIZATION_LEVEL = "-O";
				VALIDATE_PRODUCT = YES;
			};
			name = Release;
		};
		9C4C6F4C24E125DC00A95634 /* Debug */ = {
			isa = XCBuildConfiguration;
			buildSettings = {
				ASSETCATALOG_COMPILER_APPICON_NAME = AppIcon;
				CODE_SIGN_STYLE = Automatic;
				INFOPLIST_FILE = PracticalTestAmitDhadse/Info.plist;
				LD_RUNPATH_SEARCH_PATHS = (
					"$(inherited)",
					"@executable_path/Frameworks",
				);
				PRODUCT_BUNDLE_IDENTIFIER = Josh.PracticalTestAmitDhadse;
				PRODUCT_NAME = "$(TARGET_NAME)";
				SWIFT_VERSION = 5.0;
				TARGETED_DEVICE_FAMILY = "1,2";
			};
			name = Debug;
		};
		9C4C6F4D24E125DC00A95634 /* Release */ = {
			isa = XCBuildConfiguration;
			buildSettings = {
				ASSETCATALOG_COMPILER_APPICON_NAME = AppIcon;
				CODE_SIGN_STYLE = Automatic;
				INFOPLIST_FILE = PracticalTestAmitDhadse/Info.plist;
				LD_RUNPATH_SEARCH_PATHS = (
					"$(inherited)",
					"@executable_path/Frameworks",
				);
				PRODUCT_BUNDLE_IDENTIFIER = Josh.PracticalTestAmitDhadse;
				PRODUCT_NAME = "$(TARGET_NAME)";
				SWIFT_VERSION = 5.0;
				TARGETED_DEVICE_FAMILY = "1,2";
			};
			name = Release;
		};
/* End XCBuildConfiguration section */

/* Begin XCConfigurationList section */
		9C4C6F3224E125DB00A95634 /* Build configuration list for PBXProject "PracticalTestAmitDhadse" */ = {
			isa = XCConfigurationList;
			buildConfigurations = (
				9C4C6F4924E125DC00A95634 /* Debug */,
				9C4C6F4A24E125DC00A95634 /* Release */,
			);
			defaultConfigurationIsVisible = 0;
			defaultConfigurationName = Release;
		};
		9C4C6F4B24E125DC00A95634 /* Build configuration list for PBXNativeTarget "PracticalTestAmitDhadse" */ = {
			isa = XCConfigurationList;
			buildConfigurations = (
				9C4C6F4C24E125DC00A95634 /* Debug */,
				9C4C6F4D24E125DC00A95634 /* Release */,
			);
			defaultConfigurationIsVisible = 0;
			defaultConfigurationName = Release;
		};
/* End XCConfigurationList section */
	};
	rootObject = 9C4C6F2F24E125DB00A95634 /* Project object */;
}
